
Microsoft Visual Studio Solution File, Format Version 12.00
# Visual Studio Version 17
VisualStudioVersion = 17.10.35027.167
MinimumVisualStudioVersion = 10.0.40219.1
Project("{FAE04EC0-301F-11D3-BF4B-00C04F79EFBC}") = "Expanse", "Expanse\Expanse.csproj", "{1BC10463-F966-4865-A394-1C70A112164D}"
EndProject
Project("{FAE04EC0-301F-11D3-BF4B-00C04F79EFBC}") = "Expanse.DataAccess", "Expanse.DataAccess\Expanse.DataAccess.csproj", "{B711B397-04C1-42F3-9D2F-27DC25E9DC21}"
EndProject
Project("{FAE04EC0-301F-11D3-BF4B-00C04F79EFBC}") = "Expanse.Models", "Expanse.Models\Expanse.Models.csproj", "{AE337A40-33E9-4C5E-88FB-DD058511ACF1}"
EndProject
Global
	GlobalSection(SolutionConfigurationPlatforms) = preSolution
		Debug|Any CPU = Debug|Any CPU
		Release|Any CPU = Release|Any CPU
	EndGlobalSection
	GlobalSection(ProjectConfigurationPlatforms) = postSolution
		{1BC10463-F966-4865-A394-1C70A112164D}.Debug|Any CPU.ActiveCfg = Debug|Any CPU
		{1BC10463-F966-4865-A394-1C70A112164D}.Debug|Any CPU.Build.0 = Debug|Any CPU
		{1BC10463-F966-4865-A394-1C70A112164D}.Release|Any CPU.ActiveCfg = Release|Any CPU
		{1BC10463-F966-4865-A394-1C70A112164D}.Release|Any CPU.Build.0 = Release|Any CPU
		{B711B397-04C1-42F3-9D2F-27DC25E9DC21}.Debug|Any CPU.ActiveCfg = Debug|Any CPU
		{B711B397-04C1-42F3-9D2F-27DC25E9DC21}.Debug|Any CPU.Build.0 = Debug|Any CPU
		{B711B397-04C1-42F3-9D2F-27DC25E9DC21}.Release|Any CPU.ActiveCfg = Release|Any CPU
		{B711B397-04C1-42F3-9D2F-27DC25E9DC21}.Release|Any CPU.Build.0 = Release|Any CPU
		{AE337A40-33E9-4C5E-88FB-DD058511ACF1}.Debug|Any CPU.ActiveCfg = Debug|Any CPU
		{AE337A40-33E9-4C5E-88FB-DD058511ACF1}.Debug|Any CPU.Build.0 = Debug|Any CPU
		{AE337A40-33E9-4C5E-88FB-DD058511ACF1}.Release|Any CPU.ActiveCfg = Release|Any CPU
		{AE337A40-33E9-4C5E-88FB-DD058511ACF1}.Release|Any CPU.Build.0 = Release|Any CPU
	EndGlobalSection
	GlobalSection(SolutionProperties) = preSolution
		HideSolutionNode = FALSE
	EndGlobalSection
	GlobalSection(ExtensibilityGlobals) = postSolution
		SolutionGuid = {F0D5FDD1-227D-43BB-98E7-D3B9BEFD4E8F}
	EndGlobalSection
EndGlobal
